
Microsoft Visual Studio Solution File, Format Version 12.00
# Visual Studio 15
VisualStudioVersion = 15.0.28307.1082
MinimumVisualStudioVersion = 10.0.40219.1
Project("{FAE04EC0-301F-11D3-BF4B-00C04F79EFBC}") = "Loan_calculator", "Loan_calculator\Loan_calculator.csproj", "{639C1A72-662D-4BF9-977A-2A906E721BB2}"
EndProject
Global
	GlobalSection(SolutionConfigurationPlatforms) = preSolution
		Debug|Any CPU = Debug|Any CPU
		Release|Any CPU = Release|Any CPU
	EndGlobalSection
	GlobalSection(ProjectConfigurationPlatforms) = postSolution
		{639C1A72-662D-4BF9-977A-2A906E721BB2}.Debug|Any CPU.ActiveCfg = Debug|Any CPU
		{639C1A72-662D-4BF9-977A-2A906E721BB2}.Debug|Any CPU.Build.0 = Debug|Any CPU
		{639C1A72-662D-4BF9-977A-2A906E721BB2}.Release|Any CPU.ActiveCfg = Release|Any CPU
		{639C1A72-662D-4BF9-977A-2A906E721BB2}.Release|Any CPU.Build.0 = Release|Any CPU
	EndGlobalSection
	GlobalSection(SolutionProperties) = preSolution
		HideSolutionNode = FALSE
	EndGlobalSection
	GlobalSection(ExtensibilityGlobals) = postSolution
		SolutionGuid = {0CF1227D-5401-4A23-8A6F-B648D563AF76}
	EndGlobalSection
EndGlobal
